
Microsoft Visual Studio Solution File, Format Version 12.00
# Visual Studio Version 16
VisualStudioVersion = 16.0.31515.178
MinimumVisualStudioVersion = 10.0.40219.1
Project("{FAE04EC0-301F-11D3-BF4B-00C04F79EFBC}") = "ReactiveUIXamarin.UWP", "ReactiveUIXamarin\ReactiveUIXamarin.UWP\ReactiveUIXamarin.UWP.csproj", "{2F8AEC18-9BDD-42AD-AA8B-6090F005E363}"
EndProject
Project("{FAE04EC0-301F-11D3-BF4B-00C04F79EFBC}") = "ReactiveUIXamarin.Android", "ReactiveUIXamarin\ReactiveUIXamarin.Android\ReactiveUIXamarin.Android.csproj", "{6DDDD077-168B-44A5-921C-F4BF9680F21B}"
EndProject
Project("{FAE04EC0-301F-11D3-BF4B-00C04F79EFBC}") = "ReactiveUIXamarin.iOS", "ReactiveUIXamarin\ReactiveUIXamarin.iOS\ReactiveUIXamarin.iOS.csproj", "{F187DD51-19D0-42CE-8BC9-C7BD49E77EC2}"
EndProject
Project("{9A19103F-16F7-4668-BE54-9A1E7A4F7556}") = "ReactiveUIXamarin", "ReactiveUIXamarin\ReactiveUIXamarin\ReactiveUIXamarin.csproj", "{90E93FC7-E220-4445-BBCA-C9BC1695F8D0}"
EndProject
Project("{2150E333-8FDC-42A3-9474-1A3956D46DE8}") = "Core", "Core", "{EC70F539-5CE4-4010-B191-1DDBF5998F79}"
EndProject
Project("{2150E333-8FDC-42A3-9474-1A3956D46DE8}") = "Infrastructure", "Infrastructure", "{57857F20-37FC-4904-B23A-C07B5EAF793E}"
EndProject
Project("{2150E333-8FDC-42A3-9474-1A3956D46DE8}") = "Resources", "Resources", "{1A8081A0-491D-4D6E-AA04-F4F7B4396DE3}"
EndProject
Project("{FAE04EC0-301F-11D3-BF4B-00C04F79EFBC}") = "ReactiveUIXamarin.Core.IServices", "ReactiveUIXamarin.Core.IServices\ReactiveUIXamarin.Core.IServices.csproj", "{5C33A556-7574-4173-BC7F-D8043B136FE5}"
EndProject
Project("{FAE04EC0-301F-11D3-BF4B-00C04F79EFBC}") = "ReactiveUIXamarin.Core.Services", "ReactiveUIXamarin.Core.Services\ReactiveUIXamarin.Core.Services.csproj", "{50BAE33D-1E7F-4795-B44E-7A088A75BF3B}"
EndProject
Project("{FAE04EC0-301F-11D3-BF4B-00C04F79EFBC}") = "ReactiveUIXamarin.Infrastructure.DI", "ReactiveUIXamarin.Infrastructure.DI\ReactiveUIXamarin.Infrastructure.DI.csproj", "{3AACF8B4-A5C8-4EF3-B5C2-B7831E514E87}"
EndProject
Project("{FAE04EC0-301F-11D3-BF4B-00C04F79EFBC}") = "ReactiveUIXamarin.Infrastructure.Entities", "ReactiveUIXamarin.Infrastructure.Entities\ReactiveUIXamarin.Infrastructure.Entities.csproj", "{B35E28BD-FC47-4E78-BB92-EBDF02E6BF4A}"
EndProject
Project("{FAE04EC0-301F-11D3-BF4B-00C04F79EFBC}") = "ReactiveUIXamarin.Infrastructure.Environments", "ReactiveUIXamarin.Infrastructure.Environments\ReactiveUIXamarin.Infrastructure.Environments.csproj", "{996FA1AD-DEA4-4B74-BE2D-D0D715194FD1}"
EndProject
Project("{FAE04EC0-301F-11D3-BF4B-00C04F79EFBC}") = "ReactiveUIXamarin.Infrastructure.Utils", "ReactiveUIXamarin.Infrastructure.Utils\ReactiveUIXamarin.Infrastructure.Utils.csproj", "{257DF836-9D1B-4673-8274-6074CE88D7B1}"
EndProject
Project("{FAE04EC0-301F-11D3-BF4B-00C04F79EFBC}") = "ReactiveUIXamarin.StaticResources", "ReactiveUIXamarin.StaticResources\ReactiveUIXamarin.StaticResources.csproj", "{3CF7817B-9C24-4AED-993B-9DC7C1FB642E}"
EndProject
Global
	GlobalSection(SolutionConfigurationPlatforms) = preSolution
		Debug|Any CPU = Debug|Any CPU
		Debug|ARM = Debug|ARM
		Debug|iPhone = Debug|iPhone
		Debug|iPhoneSimulator = Debug|iPhoneSimulator
		Debug|x64 = Debug|x64
		Debug|x86 = Debug|x86
		Release|Any CPU = Release|Any CPU
		Release|ARM = Release|ARM
		Release|iPhone = Release|iPhone
		Release|iPhoneSimulator = Release|iPhoneSimulator
		Release|x64 = Release|x64
		Release|x86 = Release|x86
	EndGlobalSection
	GlobalSection(ProjectConfigurationPlatforms) = postSolution
		{2F8AEC18-9BDD-42AD-AA8B-6090F005E363}.Debug|Any CPU.ActiveCfg = Debug|x86
		{2F8AEC18-9BDD-42AD-AA8B-6090F005E363}.Debug|Any CPU.Build.0 = Debug|x86
		{2F8AEC18-9BDD-42AD-AA8B-6090F005E363}.Debug|Any CPU.Deploy.0 = Debug|x86
		{2F8AEC18-9BDD-42AD-AA8B-6090F005E363}.Debug|ARM.ActiveCfg = Debug|ARM
		{2F8AEC18-9BDD-42AD-AA8B-6090F005E363}.Debug|ARM.Build.0 = Debug|ARM
		{2F8AEC18-9BDD-42AD-AA8B-6090F005E363}.Debug|ARM.Deploy.0 = Debug|ARM
		{2F8AEC18-9BDD-42AD-AA8B-6090F005E363}.Debug|iPhone.ActiveCfg = Debug|x86
		{2F8AEC18-9BDD-42AD-AA8B-6090F005E363}.Debug|iPhone.Build.0 = Debug|x86
		{2F8AEC18-9BDD-42AD-AA8B-6090F005E363}.Debug|iPhone.Deploy.0 = Debug|x86
		{2F8AEC18-9BDD-42AD-AA8B-6090F005E363}.Debug|iPhoneSimulator.ActiveCfg = Debug|x86
		{2F8AEC18-9BDD-42AD-AA8B-6090F005E363}.Debug|iPhoneSimulator.Build.0 = Debug|x86
		{2F8AEC18-9BDD-42AD-AA8B-6090F005E363}.Debug|iPhoneSimulator.Deploy.0 = Debug|x86
		{2F8AEC18-9BDD-42AD-AA8B-6090F005E363}.Debug|x64.ActiveCfg = Debug|x64
		{2F8AEC18-9BDD-42AD-AA8B-6090F005E363}.Debug|x64.Build.0 = Debug|x64
		{2F8AEC18-9BDD-42AD-AA8B-6090F005E363}.Debug|x64.Deploy.0 = Debug|x64
		{2F8AEC18-9BDD-42AD-AA8B-6090F005E363}.Debug|x86.ActiveCfg = Debug|x86
		{2F8AEC18-9BDD-42AD-AA8B-6090F005E363}.Debug|x86.Build.0 = Debug|x86
		{2F8AEC18-9BDD-42AD-AA8B-6090F005E363}.Debug|x86.Deploy.0 = Debug|x86
		{2F8AEC18-9BDD-42AD-AA8B-6090F005E363}.Release|Any CPU.ActiveCfg = Release|x86
		{2F8AEC18-9BDD-42AD-AA8B-6090F005E363}.Release|Any CPU.Build.0 = Release|x86
		{2F8AEC18-9BDD-42AD-AA8B-6090F005E363}.Release|Any CPU.Deploy.0 = Release|x86
		{2F8AEC18-9BDD-42AD-AA8B-6090F005E363}.Release|ARM.ActiveCfg = Release|ARM
		{2F8AEC18-9BDD-42AD-AA8B-6090F005E363}.Release|ARM.Build.0 = Release|ARM
		{2F8AEC18-9BDD-42AD-AA8B-6090F005E363}.Release|ARM.Deploy.0 = Release|ARM
		{2F8AEC18-9BDD-42AD-AA8B-6090F005E363}.Release|iPhone.ActiveCfg = Release|x86
		{2F8AEC18-9BDD-42AD-AA8B-6090F005E363}.Release|iPhone.Build.0 = Release|x86
		{2F8AEC18-9BDD-42AD-AA8B-6090F005E363}.Release|iPhone.Deploy.0 = Release|x86
		{2F8AEC18-9BDD-42AD-AA8B-6090F005E363}.Release|iPhoneSimulator.ActiveCfg = Release|x86
		{2F8AEC18-9BDD-42AD-AA8B-6090F005E363}.Release|iPhoneSimulator.Build.0 = Release|x86
		{2F8AEC18-9BDD-42AD-AA8B-6090F005E363}.Release|iPhoneSimulator.Deploy.0 = Release|x86
		{2F8AEC18-9BDD-42AD-AA8B-6090F005E363}.Release|x64.ActiveCfg = Release|x64
		{2F8AEC18-9BDD-42AD-AA8B-6090F005E363}.Release|x64.Build.0 = Release|x64
		{2F8AEC18-9BDD-42AD-AA8B-6090F005E363}.Release|x64.Deploy.0 = Release|x64
		{2F8AEC18-9BDD-42AD-AA8B-6090F005E363}.Release|x86.ActiveCfg = Release|x86
		{2F8AEC18-9BDD-42AD-AA8B-6090F005E363}.Release|x86.Build.0 = Release|x86
		{2F8AEC18-9BDD-42AD-AA8B-6090F005E363}.Release|x86.Deploy.0 = Release|x86
		{6DDDD077-168B-44A5-921C-F4BF9680F21B}.Debug|Any CPU.ActiveCfg = Debug|Any CPU
		{6DDDD077-168B-44A5-921C-F4BF9680F21B}.Debug|Any CPU.Build.0 = Debug|Any CPU
		{6DDDD077-168B-44A5-921C-F4BF9680F21B}.Debug|Any CPU.Deploy.0 = Debug|Any CPU
		{6DDDD077-168B-44A5-921C-F4BF9680F21B}.Debug|ARM.ActiveCfg = Debug|Any CPU
		{6DDDD077-168B-44A5-921C-F4BF9680F21B}.Debug|ARM.Build.0 = Debug|Any CPU
		{6DDDD077-168B-44A5-921C-F4BF9680F21B}.Debug|ARM.Deploy.0 = Debug|Any CPU
		{6DDDD077-168B-44A5-921C-F4BF9680F21B}.Debug|iPhone.ActiveCfg = Debug|Any CPU
		{6DDDD077-168B-44A5-921C-F4BF9680F21B}.Debug|iPhone.Build.0 = Debug|Any CPU
		{6DDDD077-168B-44A5-921C-F4BF9680F21B}.Debug|iPhone.Deploy.0 = Debug|Any CPU
		{6DDDD077-168B-44A5-921C-F4BF9680F21B}.Debug|iPhoneSimulator.ActiveCfg = Debug|Any CPU
		{6DDDD077-168B-44A5-921C-F4BF9680F21B}.Debug|iPhoneSimulator.Build.0 = Debug|Any CPU
		{6DDDD077-168B-44A5-921C-F4BF9680F21B}.Debug|iPhoneSimulator.Deploy.0 = Debug|Any CPU
		{6DDDD077-168B-44A5-921C-F4BF9680F21B}.Debug|x64.ActiveCfg = Debug|Any CPU
		{6DDDD077-168B-44A5-921C-F4BF9680F21B}.Debug|x64.Build.0 = Debug|Any CPU
		{6DDDD077-168B-44A5-921C-F4BF9680F21B}.Debug|x64.Deploy.0 = Debug|Any CPU
		{6DDDD077-168B-44A5-921C-F4BF9680F21B}.Debug|x86.ActiveCfg = Debug|Any CPU
		{6DDDD077-168B-44A5-921C-F4BF9680F21B}.Debug|x86.Build.0 = Debug|Any CPU
		{6DDDD077-168B-44A5-921C-F4BF9680F21B}.Debug|x86.Deploy.0 = Debug|Any CPU
		{6DDDD077-168B-44A5-921C-F4BF9680F21B}.Release|Any CPU.ActiveCfg = Release|Any CPU
		{6DDDD077-168B-44A5-921C-F4BF9680F21B}.Release|Any CPU.Build.0 = Release|Any CPU
		{6DDDD077-168B-44A5-921C-F4BF9680F21B}.Release|Any CPU.Deploy.0 = Release|Any CPU
		{6DDDD077-168B-44A5-921C-F4BF9680F21B}.Release|ARM.ActiveCfg = Release|Any CPU
		{6DDDD077-168B-44A5-921C-F4BF9680F21B}.Release|ARM.Build.0 = Release|Any CPU
		{6DDDD077-168B-44A5-921C-F4BF9680F21B}.Release|ARM.Deploy.0 = Release|Any CPU
		{6DDDD077-168B-44A5-921C-F4BF9680F21B}.Release|iPhone.ActiveCfg = Release|Any CPU
		{6DDDD077-168B-44A5-921C-F4BF9680F21B}.Release|iPhone.Build.0 = Release|Any CPU
		{6DDDD077-168B-44A5-921C-F4BF9680F21B}.Release|iPhone.Deploy.0 = Release|Any CPU
		{6DDDD077-168B-44A5-921C-F4BF9680F21B}.Release|iPhoneSimulator.ActiveCfg = Release|Any CPU
		{6DDDD077-168B-44A5-921C-F4BF9680F21B}.Release|iPhoneSimulator.Build.0 = Release|Any CPU
		{6DDDD077-168B-44A5-921C-F4BF9680F21B}.Release|iPhoneSimulator.Deploy.0 = Release|Any CPU
		{6DDDD077-168B-44A5-921C-F4BF9680F21B}.Release|x64.ActiveCfg = Release|Any CPU
		{6DDDD077-168B-44A5-921C-F4BF9680F21B}.Release|x64.Build.0 = Release|Any CPU
		{6DDDD077-168B-44A5-921C-F4BF9680F21B}.Release|x64.Deploy.0 = Release|Any CPU
		{6DDDD077-168B-44A5-921C-F4BF9680F21B}.Release|x86.ActiveCfg = Release|Any CPU
		{6DDDD077-168B-44A5-921C-F4BF9680F21B}.Release|x86.Build.0 = Release|Any CPU
		{6DDDD077-168B-44A5-921C-F4BF9680F21B}.Release|x86.Deploy.0 = Release|Any CPU
		{F187DD51-19D0-42CE-8BC9-C7BD49E77EC2}.Debug|Any CPU.ActiveCfg = Debug|iPhoneSimulator
		{F187DD51-19D0-42CE-8BC9-C7BD49E77EC2}.Debug|Any CPU.Build.0 = Debug|iPhoneSimulator
		{F187DD51-19D0-42CE-8BC9-C7BD49E77EC2}.Debug|Any CPU.Deploy.0 = Debug|iPhoneSimulator
		{F187DD51-19D0-42CE-8BC9-C7BD49E77EC2}.Debug|ARM.ActiveCfg = Debug|iPhone
		{F187DD51-19D0-42CE-8BC9-C7BD49E77EC2}.Debug|ARM.Build.0 = Debug|iPhone
		{F187DD51-19D0-42CE-8BC9-C7BD49E77EC2}.Debug|ARM.Deploy.0 = Debug|iPhone
		{F187DD51-19D0-42CE-8BC9-C7BD49E77EC2}.Debug|iPhone.ActiveCfg = Debug|iPhone
		{F187DD51-19D0-42CE-8BC9-C7BD49E77EC2}.Debug|iPhone.Build.0 = Debug|iPhone
		{F187DD51-19D0-42CE-8BC9-C7BD49E77EC2}.Debug|iPhone.Deploy.0 = Debug|iPhone
		{F187DD51-19D0-42CE-8BC9-C7BD49E77EC2}.Debug|iPhoneSimulator.ActiveCfg = Debug|iPhoneSimulator
		{F187DD51-19D0-42CE-8BC9-C7BD49E77EC2}.Debug|iPhoneSimulator.Build.0 = Debug|iPhoneSimulator
		{F187DD51-19D0-42CE-8BC9-C7BD49E77EC2}.Debug|iPhoneSimulator.Deploy.0 = Debug|iPhoneSimulator
		{F187DD51-19D0-42CE-8BC9-C7BD49E77EC2}.Debug|x64.ActiveCfg = Debug|iPhoneSimulator
		{F187DD51-19D0-42CE-8BC9-C7BD49E77EC2}.Debug|x64.Build.0 = Debug|iPhoneSimulator
		{F187DD51-19D0-42CE-8BC9-C7BD49E77EC2}.Debug|x64.Deploy.0 = Debug|iPhoneSimulator
		{F187DD51-19D0-42CE-8BC9-C7BD49E77EC2}.Debug|x86.ActiveCfg = Debug|iPhoneSimulator
		{F187DD51-19D0-42CE-8BC9-C7BD49E77EC2}.Debug|x86.Build.0 = Debug|iPhoneSimulator
		{F187DD51-19D0-42CE-8BC9-C7BD49E77EC2}.Debug|x86.Deploy.0 = Debug|iPhoneSimulator
		{F187DD51-19D0-42CE-8BC9-C7BD49E77EC2}.Release|Any CPU.ActiveCfg = Release|iPhoneSimulator
		{F187DD51-19D0-42CE-8BC9-C7BD49E77EC2}.Release|Any CPU.Build.0 = Release|iPhoneSimulator
		{F187DD51-19D0-42CE-8BC9-C7BD49E77EC2}.Release|Any CPU.Deploy.0 = Release|iPhoneSimulator
		{F187DD51-19D0-42CE-8BC9-C7BD49E77EC2}.Release|ARM.ActiveCfg = Release|iPhoneSimulator
		{F187DD51-19D0-42CE-8BC9-C7BD49E77EC2}.Release|ARM.Build.0 = Release|iPhoneSimulator
		{F187DD51-19D0-42CE-8BC9-C7BD49E77EC2}.Release|ARM.Deploy.0 = Release|iPhoneSimulator
		{F187DD51-19D0-42CE-8BC9-C7BD49E77EC2}.Release|iPhone.ActiveCfg = Release|iPhone
		{F187DD51-19D0-42CE-8BC9-C7BD49E77EC2}.Release|iPhone.Build.0 = Release|iPhone
		{F187DD51-19D0-42CE-8BC9-C7BD49E77EC2}.Release|iPhone.Deploy.0 = Release|iPhone
		{F187DD51-19D0-42CE-8BC9-C7BD49E77EC2}.Release|iPhoneSimulator.ActiveCfg = Release|iPhoneSimulator
		{F187DD51-19D0-42CE-8BC9-C7BD49E77EC2}.Release|iPhoneSimulator.Build.0 = Release|iPhoneSimulator
		{F187DD51-19D0-42CE-8BC9-C7BD49E77EC2}.Release|iPhoneSimulator.Deploy.0 = Release|iPhoneSimulator
		{F187DD51-19D0-42CE-8BC9-C7BD49E77EC2}.Release|x64.ActiveCfg = Release|iPhoneSimulator
		{F187DD51-19D0-42CE-8BC9-C7BD49E77EC2}.Release|x64.Build.0 = Release|iPhoneSimulator
		{F187DD51-19D0-42CE-8BC9-C7BD49E77EC2}.Release|x64.Deploy.0 = Release|iPhoneSimulator
		{F187DD51-19D0-42CE-8BC9-C7BD49E77EC2}.Release|x86.ActiveCfg = Release|iPhoneSimulator
		{F187DD51-19D0-42CE-8BC9-C7BD49E77EC2}.Release|x86.Build.0 = Release|iPhoneSimulator
		{F187DD51-19D0-42CE-8BC9-C7BD49E77EC2}.Release|x86.Deploy.0 = Release|iPhoneSimulator
		{90E93FC7-E220-4445-BBCA-C9BC1695F8D0}.Debug|Any CPU.ActiveCfg = Debug|Any CPU
		{90E93FC7-E220-4445-BBCA-C9BC1695F8D0}.Debug|Any CPU.Build.0 = Debug|Any CPU
		{90E93FC7-E220-4445-BBCA-C9BC1695F8D0}.Debug|Any CPU.Deploy.0 = Debug|Any CPU
		{90E93FC7-E220-4445-BBCA-C9BC1695F8D0}.Debug|ARM.ActiveCfg = Debug|Any CPU
		{90E93FC7-E220-4445-BBCA-C9BC1695F8D0}.Debug|ARM.Build.0 = Debug|Any CPU
		{90E93FC7-E220-4445-BBCA-C9BC1695F8D0}.Debug|ARM.Deploy.0 = Debug|Any CPU
		{90E93FC7-E220-4445-BBCA-C9BC1695F8D0}.Debug|iPhone.ActiveCfg = Debug|Any CPU
		{90E93FC7-E220-4445-BBCA-C9BC1695F8D0}.Debug|iPhone.Build.0 = Debug|Any CPU
		{90E93FC7-E220-4445-BBCA-C9BC1695F8D0}.Debug|iPhone.Deploy.0 = Debug|Any CPU
		{90E93FC7-E220-4445-BBCA-C9BC1695F8D0}.Debug|iPhoneSimulator.ActiveCfg = Debug|Any CPU
		{90E93FC7-E220-4445-BBCA-C9BC1695F8D0}.Debug|iPhoneSimulator.Build.0 = Debug|Any CPU
		{90E93FC7-E220-4445-BBCA-C9BC1695F8D0}.Debug|iPhoneSimulator.Deploy.0 = Debug|Any CPU
		{90E93FC7-E220-4445-BBCA-C9BC1695F8D0}.Debug|x64.ActiveCfg = Debug|Any CPU
		{90E93FC7-E220-4445-BBCA-C9BC1695F8D0}.Debug|x64.Build.0 = Debug|Any CPU
		{90E93FC7-E220-4445-BBCA-C9BC1695F8D0}.Debug|x64.Deploy.0 = Debug|Any CPU
		{90E93FC7-E220-4445-BBCA-C9BC1695F8D0}.Debug|x86.ActiveCfg = Debug|Any CPU
		{90E93FC7-E220-4445-BBCA-C9BC1695F8D0}.Debug|x86.Build.0 = Debug|Any CPU
		{90E93FC7-E220-4445-BBCA-C9BC1695F8D0}.Debug|x86.Deploy.0 = Debug|Any CPU
		{90E93FC7-E220-4445-BBCA-C9BC1695F8D0}.Release|Any CPU.ActiveCfg = Release|Any CPU
		{90E93FC7-E220-4445-BBCA-C9BC1695F8D0}.Release|Any CPU.Build.0 = Release|Any CPU
		{90E93FC7-E220-4445-BBCA-C9BC1695F8D0}.Release|Any CPU.Deploy.0 = Release|Any CPU
		{90E93FC7-E220-4445-BBCA-C9BC1695F8D0}.Release|ARM.ActiveCfg = Release|Any CPU
		{90E93FC7-E220-4445-BBCA-C9BC1695F8D0}.Release|ARM.Build.0 = Release|Any CPU
		{90E93FC7-E220-4445-BBCA-C9BC1695F8D0}.Release|ARM.Deploy.0 = Release|Any CPU
		{90E93FC7-E220-4445-BBCA-C9BC1695F8D0}.Release|iPhone.ActiveCfg = Release|Any CPU
		{90E93FC7-E220-4445-BBCA-C9BC1695F8D0}.Release|iPhone.Build.0 = Release|Any CPU
		{90E93FC7-E220-4445-BBCA-C9BC1695F8D0}.Release|iPhone.Deploy.0 = Release|Any CPU
		{90E93FC7-E220-4445-BBCA-C9BC1695F8D0}.Release|iPhoneSimulator.ActiveCfg = Release|Any CPU
		{90E93FC7-E220-4445-BBCA-C9BC1695F8D0}.Release|iPhoneSimulator.Build.0 = Release|Any CPU
		{90E93FC7-E220-4445-BBCA-C9BC1695F8D0}.Release|iPhoneSimulator.Deploy.0 = Release|Any CPU
		{90E93FC7-E220-4445-BBCA-C9BC1695F8D0}.Release|x64.ActiveCfg = Release|Any CPU
		{90E93FC7-E220-4445-BBCA-C9BC1695F8D0}.Release|x64.Build.0 = Release|Any CPU
		{90E93FC7-E220-4445-BBCA-C9BC1695F8D0}.Release|x64.Deploy.0 = Release|Any CPU
		{90E93FC7-E220-4445-BBCA-C9BC1695F8D0}.Release|x86.ActiveCfg = Release|Any CPU
		{90E93FC7-E220-4445-BBCA-C9BC1695F8D0}.Release|x86.Build.0 = Release|Any CPU
		{90E93FC7-E220-4445-BBCA-C9BC1695F8D0}.Release|x86.Deploy.0 = Release|Any CPU
		{5C33A556-7574-4173-BC7F-D8043B136FE5}.Debug|Any CPU.ActiveCfg = Debug|Any CPU
		{5C33A556-7574-4173-BC7F-D8043B136FE5}.Debug|Any CPU.Build.0 = Debug|Any CPU
		{5C33A556-7574-4173-BC7F-D8043B136FE5}.Debug|ARM.ActiveCfg = Debug|Any CPU
		{5C33A556-7574-4173-BC7F-D8043B136FE5}.Debug|ARM.Build.0 = Debug|Any CPU
		{5C33A556-7574-4173-BC7F-D8043B136FE5}.Debug|iPhone.ActiveCfg = Debug|Any CPU
		{5C33A556-7574-4173-BC7F-D8043B136FE5}.Debug|iPhone.Build.0 = Debug|Any CPU
		{5C33A556-7574-4173-BC7F-D8043B136FE5}.Debug|iPhoneSimulator.ActiveCfg = Debug|Any CPU
		{5C33A556-7574-4173-BC7F-D8043B136FE5}.Debug|iPhoneSimulator.Build.0 = Debug|Any CPU
		{5C33A556-7574-4173-BC7F-D8043B136FE5}.Debug|x64.ActiveCfg = Debug|Any CPU
		{5C33A556-7574-4173-BC7F-D8043B136FE5}.Debug|x64.Build.0 = Debug|Any CPU
		{5C33A556-7574-4173-BC7F-D8043B136FE5}.Debug|x86.ActiveCfg = Debug|Any CPU
		{5C33A556-7574-4173-BC7F-D8043B136FE5}.Debug|x86.Build.0 = Debug|Any CPU
		{5C33A556-7574-4173-BC7F-D8043B136FE5}.Release|Any CPU.ActiveCfg = Release|Any CPU
		{5C33A556-7574-4173-BC7F-D8043B136FE5}.Release|Any CPU.Build.0 = Release|Any CPU
		{5C33A556-7574-4173-BC7F-D8043B136FE5}.Release|ARM.ActiveCfg = Release|Any CPU
		{5C33A556-7574-4173-BC7F-D8043B136FE5}.Release|ARM.Build.0 = Release|Any CPU
		{5C33A556-7574-4173-BC7F-D8043B136FE5}.Release|iPhone.ActiveCfg = Release|Any CPU
		{5C33A556-7574-4173-BC7F-D8043B136FE5}.Release|iPhone.Build.0 = Release|Any CPU
		{5C33A556-7574-4173-BC7F-D8043B136FE5}.Release|iPhoneSimulator.ActiveCfg = Release|Any CPU
		{5C33A556-7574-4173-BC7F-D8043B136FE5}.Release|iPhoneSimulator.Build.0 = Release|Any CPU
		{5C33A556-7574-4173-BC7F-D8043B136FE5}.Release|x64.ActiveCfg = Release|Any CPU
		{5C33A556-7574-4173-BC7F-D8043B136FE5}.Release|x64.Build.0 = Release|Any CPU
		{5C33A556-7574-4173-BC7F-D8043B136FE5}.Release|x86.ActiveCfg = Release|Any CPU
		{5C33A556-7574-4173-BC7F-D8043B136FE5}.Release|x86.Build.0 = Release|Any CPU
		{50BAE33D-1E7F-4795-B44E-7A088A75BF3B}.Debug|Any CPU.ActiveCfg = Debug|Any CPU
		{50BAE33D-1E7F-4795-B44E-7A088A75BF3B}.Debug|Any CPU.Build.0 = Debug|Any CPU
		{50BAE33D-1E7F-4795-B44E-7A088A75BF3B}.Debug|ARM.ActiveCfg = Debug|Any CPU
		{50BAE33D-1E7F-4795-B44E-7A088A75BF3B}.Debug|ARM.Build.0 = Debug|Any CPU
		{50BAE33D-1E7F-4795-B44E-7A088A75BF3B}.Debug|iPhone.ActiveCfg = Debug|Any CPU
		{50BAE33D-1E7F-4795-B44E-7A088A75BF3B}.Debug|iPhone.Build.0 = Debug|Any CPU
		{50BAE33D-1E7F-4795-B44E-7A088A75BF3B}.Debug|iPhoneSimulator.ActiveCfg = Debug|Any CPU
		{50BAE33D-1E7F-4795-B44E-7A088A75BF3B}.Debug|iPhoneSimulator.Build.0 = Debug|Any CPU
		{50BAE33D-1E7F-4795-B44E-7A088A75BF3B}.Debug|x64.ActiveCfg = Debug|Any CPU
		{50BAE33D-1E7F-4795-B44E-7A088A75BF3B}.Debug|x64.Build.0 = Debug|Any CPU
		{50BAE33D-1E7F-4795-B44E-7A088A75BF3B}.Debug|x86.ActiveCfg = Debug|Any CPU
		{50BAE33D-1E7F-4795-B44E-7A088A75BF3B}.Debug|x86.Build.0 = Debug|Any CPU
		{50BAE33D-1E7F-4795-B44E-7A088A75BF3B}.Release|Any CPU.ActiveCfg = Release|Any CPU
		{50BAE33D-1E7F-4795-B44E-7A088A75BF3B}.Release|Any CPU.Build.0 = Release|Any CPU
		{50BAE33D-1E7F-4795-B44E-7A088A75BF3B}.Release|ARM.ActiveCfg = Release|Any CPU
		{50BAE33D-1E7F-4795-B44E-7A088A75BF3B}.Release|ARM.Build.0 = Release|Any CPU
		{50BAE33D-1E7F-4795-B44E-7A088A75BF3B}.Release|iPhone.ActiveCfg = Release|Any CPU
		{50BAE33D-1E7F-4795-B44E-7A088A75BF3B}.Release|iPhone.Build.0 = Release|Any CPU
		{50BAE33D-1E7F-4795-B44E-7A088A75BF3B}.Release|iPhoneSimulator.ActiveCfg = Release|Any CPU
		{50BAE33D-1E7F-4795-B44E-7A088A75BF3B}.Release|iPhoneSimulator.Build.0 = Release|Any CPU
		{50BAE33D-1E7F-4795-B44E-7A088A75BF3B}.Release|x64.ActiveCfg = Release|Any CPU
		{50BAE33D-1E7F-4795-B44E-7A088A75BF3B}.Release|x64.Build.0 = Release|Any CPU
		{50BAE33D-1E7F-4795-B44E-7A088A75BF3B}.Release|x86.ActiveCfg = Release|Any CPU
		{50BAE33D-1E7F-4795-B44E-7A088A75BF3B}.Release|x86.Build.0 = Release|Any CPU
		{3AACF8B4-A5C8-4EF3-B5C2-B7831E514E87}.Debug|Any CPU.ActiveCfg = Debug|Any CPU
		{3AACF8B4-A5C8-4EF3-B5C2-B7831E514E87}.Debug|Any CPU.Build.0 = Debug|Any CPU
		{3AACF8B4-A5C8-4EF3-B5C2-B7831E514E87}.Debug|ARM.ActiveCfg = Debug|Any CPU
		{3AACF8B4-A5C8-4EF3-B5C2-B7831E514E87}.Debug|ARM.Build.0 = Debug|Any CPU
		{3AACF8B4-A5C8-4EF3-B5C2-B7831E514E87}.Debug|iPhone.ActiveCfg = Debug|Any CPU
		{3AACF8B4-A5C8-4EF3-B5C2-B7831E514E87}.Debug|iPhone.Build.0 = Debug|Any CPU
		{3AACF8B4-A5C8-4EF3-B5C2-B7831E514E87}.Debug|iPhoneSimulator.ActiveCfg = Debug|Any CPU
		{3AACF8B4-A5C8-4EF3-B5C2-B7831E514E87}.Debug|iPhoneSimulator.Build.0 = Debug|Any CPU
		{3AACF8B4-A5C8-4EF3-B5C2-B7831E514E87}.Debug|x64.ActiveCfg = Debug|Any CPU
		{3AACF8B4-A5C8-4EF3-B5C2-B7831E514E87}.Debug|x64.Build.0 = Debug|Any CPU
		{3AACF8B4-A5C8-4EF3-B5C2-B7831E514E87}.Debug|x86.ActiveCfg = Debug|Any CPU
		{3AACF8B4-A5C8-4EF3-B5C2-B7831E514E87}.Debug|x86.Build.0 = Debug|Any CPU
		{3AACF8B4-A5C8-4EF3-B5C2-B7831E514E87}.Release|Any CPU.ActiveCfg = Release|Any CPU
		{3AACF8B4-A5C8-4EF3-B5C2-B7831E514E87}.Release|Any CPU.Build.0 = Release|Any CPU
		{3AACF8B4-A5C8-4EF3-B5C2-B7831E514E87}.Release|ARM.ActiveCfg = Release|Any CPU
		{3AACF8B4-A5C8-4EF3-B5C2-B7831E514E87}.Release|ARM.Build.0 = Release|Any CPU
		{3AACF8B4-A5C8-4EF3-B5C2-B7831E514E87}.Release|iPhone.ActiveCfg = Release|Any CPU
		{3AACF8B4-A5C8-4EF3-B5C2-B7831E514E87}.Release|iPhone.Build.0 = Release|Any CPU
		{3AACF8B4-A5C8-4EF3-B5C2-B7831E514E87}.Release|iPhoneSimulator.ActiveCfg = Release|Any CPU
		{3AACF8B4-A5C8-4EF3-B5C2-B7831E514E87}.Release|iPhoneSimulator.Build.0 = Release|Any CPU
		{3AACF8B4-A5C8-4EF3-B5C2-B7831E514E87}.Release|x64.ActiveCfg = Release|Any CPU
		{3AACF8B4-A5C8-4EF3-B5C2-B7831E514E87}.Release|x64.Build.0 = Release|Any CPU
		{3AACF8B4-A5C8-4EF3-B5C2-B7831E514E87}.Release|x86.ActiveCfg = Release|Any CPU
		{3AACF8B4-A5C8-4EF3-B5C2-B7831E514E87}.Release|x86.Build.0 = Release|Any CPU
		{B35E28BD-FC47-4E78-BB92-EBDF02E6BF4A}.Debug|Any CPU.ActiveCfg = Debug|Any CPU
		{B35E28BD-FC47-4E78-BB92-EBDF02E6BF4A}.Debug|Any CPU.Build.0 = Debug|Any CPU
		{B35E28BD-FC47-4E78-BB92-EBDF02E6BF4A}.Debug|ARM.ActiveCfg = Debug|Any CPU
		{B35E28BD-FC47-4E78-BB92-EBDF02E6BF4A}.Debug|ARM.Build.0 = Debug|Any CPU
		{B35E28BD-FC47-4E78-BB92-EBDF02E6BF4A}.Debug|iPhone.ActiveCfg = Debug|Any CPU
		{B35E28BD-FC47-4E78-BB92-EBDF02E6BF4A}.Debug|iPhone.Build.0 = Debug|Any CPU
		{B35E28BD-FC47-4E78-BB92-EBDF02E6BF4A}.Debug|iPhoneSimulator.ActiveCfg = Debug|Any CPU
		{B35E28BD-FC47-4E78-BB92-EBDF02E6BF4A}.Debug|iPhoneSimulator.Build.0 = Debug|Any CPU
		{B35E28BD-FC47-4E78-BB92-EBDF02E6BF4A}.Debug|x64.ActiveCfg = Debug|Any CPU
		{B35E28BD-FC47-4E78-BB92-EBDF02E6BF4A}.Debug|x64.Build.0 = Debug|Any CPU
		{B35E28BD-FC47-4E78-BB92-EBDF02E6BF4A}.Debug|x86.ActiveCfg = Debug|Any CPU
		{B35E28BD-FC47-4E78-BB92-EBDF02E6BF4A}.Debug|x86.Build.0 = Debug|Any CPU
		{B35E28BD-FC47-4E78-BB92-EBDF02E6BF4A}.Release|Any CPU.ActiveCfg = Release|Any CPU
		{B35E28BD-FC47-4E78-BB92-EBDF02E6BF4A}.Release|Any CPU.Build.0 = Release|Any CPU
		{B35E28BD-FC47-4E78-BB92-EBDF02E6BF4A}.Release|ARM.ActiveCfg = Release|Any CPU
		{B35E28BD-FC47-4E78-BB92-EBDF02E6BF4A}.Release|ARM.Build.0 = Release|Any CPU
		{B35E28BD-FC47-4E78-BB92-EBDF02E6BF4A}.Release|iPhone.ActiveCfg = Release|Any CPU
		{B35E28BD-FC47-4E78-BB92-EBDF02E6BF4A}.Release|iPhone.Build.0 = Release|Any CPU
		{B35E28BD-FC47-4E78-BB92-EBDF02E6BF4A}.Release|iPhoneSimulator.ActiveCfg = Release|Any CPU
		{B35E28BD-FC47-4E78-BB92-EBDF02E6BF4A}.Release|iPhoneSimulator.Build.0 = Release|Any CPU
		{B35E28BD-FC47-4E78-BB92-EBDF02E6BF4A}.Release|x64.ActiveCfg = Release|Any CPU
		{B35E28BD-FC47-4E78-BB92-EBDF02E6BF4A}.Release|x64.Build.0 = Release|Any CPU
		{B35E28BD-FC47-4E78-BB92-EBDF02E6BF4A}.Release|x86.ActiveCfg = Release|Any CPU
		{B35E28BD-FC47-4E78-BB92-EBDF02E6BF4A}.Release|x86.Build.0 = Release|Any CPU
		{996FA1AD-DEA4-4B74-BE2D-D0D715194FD1}.Debug|Any CPU.ActiveCfg = Debug|Any CPU
		{996FA1AD-DEA4-4B74-BE2D-D0D715194FD1}.Debug|Any CPU.Build.0 = Debug|Any CPU
		{996FA1AD-DEA4-4B74-BE2D-D0D715194FD1}.Debug|ARM.ActiveCfg = Debug|Any CPU
		{996FA1AD-DEA4-4B74-BE2D-D0D715194FD1}.Debug|ARM.Build.0 = Debug|Any CPU
		{996FA1AD-DEA4-4B74-BE2D-D0D715194FD1}.Debug|iPhone.ActiveCfg = Debug|Any CPU
		{996FA1AD-DEA4-4B74-BE2D-D0D715194FD1}.Debug|iPhone.Build.0 = Debug|Any CPU
		{996FA1AD-DEA4-4B74-BE2D-D0D715194FD1}.Debug|iPhoneSimulator.ActiveCfg = Debug|Any CPU
		{996FA1AD-DEA4-4B74-BE2D-D0D715194FD1}.Debug|iPhoneSimulator.Build.0 = Debug|Any CPU
		{996FA1AD-DEA4-4B74-BE2D-D0D715194FD1}.Debug|x64.ActiveCfg = Debug|Any CPU
		{996FA1AD-DEA4-4B74-BE2D-D0D715194FD1}.Debug|x64.Build.0 = Debug|Any CPU
		{996FA1AD-DEA4-4B74-BE2D-D0D715194FD1}.Debug|x86.ActiveCfg = Debug|Any CPU
		{996FA1AD-DEA4-4B74-BE2D-D0D715194FD1}.Debug|x86.Build.0 = Debug|Any CPU
		{996FA1AD-DEA4-4B74-BE2D-D0D715194FD1}.Release|Any CPU.ActiveCfg = Release|Any CPU
		{996FA1AD-DEA4-4B74-BE2D-D0D715194FD1}.Release|Any CPU.Build.0 = Release|Any CPU
		{996FA1AD-DEA4-4B74-BE2D-D0D715194FD1}.Release|ARM.ActiveCfg = Release|Any CPU
		{996FA1AD-DEA4-4B74-BE2D-D0D715194FD1}.Release|ARM.Build.0 = Release|Any CPU
		{996FA1AD-DEA4-4B74-BE2D-D0D715194FD1}.Release|iPhone.ActiveCfg = Release|Any CPU
		{996FA1AD-DEA4-4B74-BE2D-D0D715194FD1}.Release|iPhone.Build.0 = Release|Any CPU
		{996FA1AD-DEA4-4B74-BE2D-D0D715194FD1}.Release|iPhoneSimulator.ActiveCfg = Release|Any CPU
		{996FA1AD-DEA4-4B74-BE2D-D0D715194FD1}.Release|iPhoneSimulator.Build.0 = Release|Any CPU
		{996FA1AD-DEA4-4B74-BE2D-D0D715194FD1}.Release|x64.ActiveCfg = Release|Any CPU
		{996FA1AD-DEA4-4B74-BE2D-D0D715194FD1}.Release|x64.Build.0 = Release|Any CPU
		{996FA1AD-DEA4-4B74-BE2D-D0D715194FD1}.Release|x86.ActiveCfg = Release|Any CPU
		{996FA1AD-DEA4-4B74-BE2D-D0D715194FD1}.Release|x86.Build.0 = Release|Any CPU
		{257DF836-9D1B-4673-8274-6074CE88D7B1}.Debug|Any CPU.ActiveCfg = Debug|Any CPU
		{257DF836-9D1B-4673-8274-6074CE88D7B1}.Debug|Any CPU.Build.0 = Debug|Any CPU
		{257DF836-9D1B-4673-8274-6074CE88D7B1}.Debug|ARM.ActiveCfg = Debug|Any CPU
		{257DF836-9D1B-4673-8274-6074CE88D7B1}.Debug|ARM.Build.0 = Debug|Any CPU
		{257DF836-9D1B-4673-8274-6074CE88D7B1}.Debug|iPhone.ActiveCfg = Debug|Any CPU
		{257DF836-9D1B-4673-8274-6074CE88D7B1}.Debug|iPhone.Build.0 = Debug|Any CPU
		{257DF836-9D1B-4673-8274-6074CE88D7B1}.Debug|iPhoneSimulator.ActiveCfg = Debug|Any CPU
		{257DF836-9D1B-4673-8274-6074CE88D7B1}.Debug|iPhoneSimulator.Build.0 = Debug|Any CPU
		{257DF836-9D1B-4673-8274-6074CE88D7B1}.Debug|x64.ActiveCfg = Debug|Any CPU
		{257DF836-9D1B-4673-8274-6074CE88D7B1}.Debug|x64.Build.0 = Debug|Any CPU
		{257DF836-9D1B-4673-8274-6074CE88D7B1}.Debug|x86.ActiveCfg = Debug|Any CPU
		{257DF836-9D1B-4673-8274-6074CE88D7B1}.Debug|x86.Build.0 = Debug|Any CPU
		{257DF836-9D1B-4673-8274-6074CE88D7B1}.Release|Any CPU.ActiveCfg = Release|Any CPU
		{257DF836-9D1B-4673-8274-6074CE88D7B1}.Release|Any CPU.Build.0 = Release|Any CPU
		{257DF836-9D1B-4673-8274-6074CE88D7B1}.Release|ARM.ActiveCfg = Release|Any CPU
		{257DF836-9D1B-4673-8274-6074CE88D7B1}.Release|ARM.Build.0 = Release|Any CPU
		{257DF836-9D1B-4673-8274-6074CE88D7B1}.Release|iPhone.ActiveCfg = Release|Any CPU
		{257DF836-9D1B-4673-8274-6074CE88D7B1}.Release|iPhone.Build.0 = Release|Any CPU
		{257DF836-9D1B-4673-8274-6074CE88D7B1}.Release|iPhoneSimulator.ActiveCfg = Release|Any CPU
		{257DF836-9D1B-4673-8274-6074CE88D7B1}.Release|iPhoneSimulator.Build.0 = Release|Any CPU
		{257DF836-9D1B-4673-8274-6074CE88D7B1}.Release|x64.ActiveCfg = Release|Any CPU
		{257DF836-9D1B-4673-8274-6074CE88D7B1}.Release|x64.Build.0 = Release|Any CPU
		{257DF836-9D1B-4673-8274-6074CE88D7B1}.Release|x86.ActiveCfg = Release|Any CPU
		{257DF836-9D1B-4673-8274-6074CE88D7B1}.Release|x86.Build.0 = Release|Any CPU
		{3CF7817B-9C24-4AED-993B-9DC7C1FB642E}.Debug|Any CPU.ActiveCfg = Debug|Any CPU
		{3CF7817B-9C24-4AED-993B-9DC7C1FB642E}.Debug|Any CPU.Build.0 = Debug|Any CPU
		{3CF7817B-9C24-4AED-993B-9DC7C1FB642E}.Debug|ARM.ActiveCfg = Debug|Any CPU
		{3CF7817B-9C24-4AED-993B-9DC7C1FB642E}.Debug|ARM.Build.0 = Debug|Any CPU
		{3CF7817B-9C24-4AED-993B-9DC7C1FB642E}.Debug|iPhone.ActiveCfg = Debug|Any CPU
		{3CF7817B-9C24-4AED-993B-9DC7C1FB642E}.Debug|iPhone.Build.0 = Debug|Any CPU
		{3CF7817B-9C24-4AED-993B-9DC7C1FB642E}.Debug|iPhoneSimulator.ActiveCfg = Debug|Any CPU
		{3CF7817B-9C24-4AED-993B-9DC7C1FB642E}.Debug|iPhoneSimulator.Build.0 = Debug|Any CPU
		{3CF7817B-9C24-4AED-993B-9DC7C1FB642E}.Debug|x64.ActiveCfg = Debug|Any CPU
		{3CF7817B-9C24-4AED-993B-9DC7C1FB642E}.Debug|x64.Build.0 = Debug|Any CPU
		{3CF7817B-9C24-4AED-993B-9DC7C1FB642E}.Debug|x86.ActiveCfg = Debug|Any CPU
		{3CF7817B-9C24-4AED-993B-9DC7C1FB642E}.Debug|x86.Build.0 = Debug|Any CPU
		{3CF7817B-9C24-4AED-993B-9DC7C1FB642E}.Release|Any CPU.ActiveCfg = Release|Any CPU
		{3CF7817B-9C24-4AED-993B-9DC7C1FB642E}.Release|Any CPU.Build.0 = Release|Any CPU
		{3CF7817B-9C24-4AED-993B-9DC7C1FB642E}.Release|ARM.ActiveCfg = Release|Any CPU
		{3CF7817B-9C24-4AED-993B-9DC7C1FB642E}.Release|ARM.Build.0 = Release|Any CPU
		{3CF7817B-9C24-4AED-993B-9DC7C1FB642E}.Release|iPhone.ActiveCfg = Release|Any CPU
		{3CF7817B-9C24-4AED-993B-9DC7C1FB642E}.Release|iPhone.Build.0 = Release|Any CPU
		{3CF7817B-9C24-4AED-993B-9DC7C1FB642E}.Release|iPhoneSimulator.ActiveCfg = Release|Any CPU
		{3CF7817B-9C24-4AED-993B-9DC7C1FB642E}.Release|iPhoneSimulator.Build.0 = Release|Any CPU
		{3CF7817B-9C24-4AED-993B-9DC7C1FB642E}.Release|x64.ActiveCfg = Release|Any CPU
		{3CF7817B-9C24-4AED-993B-9DC7C1FB642E}.Release|x64.Build.0 = Release|Any CPU
		{3CF7817B-9C24-4AED-993B-9DC7C1FB642E}.Release|x86.ActiveCfg = Release|Any CPU
		{3CF7817B-9C24-4AED-993B-9DC7C1FB642E}.Release|x86.Build.0 = Release|Any CPU
	EndGlobalSection
	GlobalSection(SolutionProperties) = preSolution
		HideSolutionNode = FALSE
	EndGlobalSection
	GlobalSection(NestedProjects) = preSolution
		{5C33A556-7574-4173-BC7F-D8043B136FE5} = {EC70F539-5CE4-4010-B191-1DDBF5998F79}
		{50BAE33D-1E7F-4795-B44E-7A088A75BF3B} = {EC70F539-5CE4-4010-B191-1DDBF5998F79}
		{3AACF8B4-A5C8-4EF3-B5C2-B7831E514E87} = {57857F20-37FC-4904-B23A-C07B5EAF793E}
		{B35E28BD-FC47-4E78-BB92-EBDF02E6BF4A} = {57857F20-37FC-4904-B23A-C07B5EAF793E}
		{996FA1AD-DEA4-4B74-BE2D-D0D715194FD1} = {57857F20-37FC-4904-B23A-C07B5EAF793E}
		{257DF836-9D1B-4673-8274-6074CE88D7B1} = {57857F20-37FC-4904-B23A-C07B5EAF793E}
		{3CF7817B-9C24-4AED-993B-9DC7C1FB642E} = {1A8081A0-491D-4D6E-AA04-F4F7B4396DE3}
	EndGlobalSection
	GlobalSection(ExtensibilityGlobals) = postSolution
		SolutionGuid = {F691BA0B-EC93-4BB4-882E-32797A297982}
	EndGlobalSection
EndGlobal
